// !$*UTF8*$!
{
	archiveVersion = 1;
	classes = {
	};
	objectVersion = 55;
	objects = {

/* Begin PBXBuildFile section */
		871B6328286CE1D100D4860B /* CatalogViewTicket.swift in Sources */ = {isa = PBXBuildFile; fileRef = 871B6327286CE1D100D4860B /* CatalogViewTicket.swift */; };
		871B632A286CEA6A00D4860B /* CatalogViewCards.swift in Sources */ = {isa = PBXBuildFile; fileRef = 871B6329286CEA6A00D4860B /* CatalogViewCards.swift */; };
		871B632D286CEE9D00D4860B /* PopoverLocation.swift in Sources */ = {isa = PBXBuildFile; fileRef = 871B632C286CEE9D00D4860B /* PopoverLocation.swift */; };
		871B632F286CEF9700D4860B /* LocationViewPopower.swift in Sources */ = {isa = PBXBuildFile; fileRef = 871B632E286CEF9700D4860B /* LocationViewPopower.swift */; };
		873F2B3228625EFA004B4A1A /* AuthResult.swift in Sources */ = {isa = PBXBuildFile; fileRef = 873F2B3128625EFA004B4A1A /* AuthResult.swift */; };
		873F2B352864FECA004B4A1A /* CatalogVievSigns.swift in Sources */ = {isa = PBXBuildFile; fileRef = 873F2B342864FECA004B4A1A /* CatalogVievSigns.swift */; };
		8769E57228664F71003C7039 /* NavigationBarCostom.swift in Sources */ = {isa = PBXBuildFile; fileRef = 8769E57128664F71003C7039 /* NavigationBarCostom.swift */; };
		8769E57428665075003C7039 /* CustomColor.swift in Sources */ = {isa = PBXBuildFile; fileRef = 8769E57328665075003C7039 /* CustomColor.swift */; };
		8769E577286654A0003C7039 /* CatalogCell.swift in Sources */ = {isa = PBXBuildFile; fileRef = 8769E576286654A0003C7039 /* CatalogCell.swift */; };
		8769E57A286655A7003C7039 /* SDWebImageSwiftUI in Frameworks */ = {isa = PBXBuildFile; productRef = 8769E579286655A7003C7039 /* SDWebImageSwiftUI */; };
		8769E57C28666602003C7039 /* StaticArray.swift in Sources */ = {isa = PBXBuildFile; fileRef = 8769E57B28666601003C7039 /* StaticArray.swift */; };
		878FCE79285919DF002C08D0 /* Stacktest_iosApp.swift in Sources */ = {isa = PBXBuildFile; fileRef = 878FCE78285919DF002C08D0 /* Stacktest_iosApp.swift */; };
		878FCE7B285919DF002C08D0 /* ContentView.swift in Sources */ = {isa = PBXBuildFile; fileRef = 878FCE7A285919DF002C08D0 /* ContentView.swift */; };
		878FCE7D285919E5002C08D0 /* Assets.xcassets in Resources */ = {isa = PBXBuildFile; fileRef = 878FCE7C285919E5002C08D0 /* Assets.xcassets */; };
		878FCE80285919E5002C08D0 /* Preview Assets.xcassets in Resources */ = {isa = PBXBuildFile; fileRef = 878FCE7F285919E5002C08D0 /* Preview Assets.xcassets */; };
		878FCE8728591B05002C08D0 /* StartView.swift in Sources */ = {isa = PBXBuildFile; fileRef = 878FCE8628591B05002C08D0 /* StartView.swift */; };
		878FCE89285922B0002C08D0 /* TableView.swift in Sources */ = {isa = PBXBuildFile; fileRef = 878FCE88285922B0002C08D0 /* TableView.swift */; };
		878FCE8B28592723002C08D0 /* GoogleService-Info.plist in Resources */ = {isa = PBXBuildFile; fileRef = 878FCE8A28592723002C08D0 /* GoogleService-Info.plist */; };
		878FCEB028593E7A002C08D0 /* FirebaseAuth in Frameworks */ = {isa = PBXBuildFile; productRef = 878FCEAF28593E7A002C08D0 /* FirebaseAuth */; };
		878FCEB228593E7A002C08D0 /* FirebaseDatabase in Frameworks */ = {isa = PBXBuildFile; productRef = 878FCEB128593E7A002C08D0 /* FirebaseDatabase */; };
		878FCEB428593E7A002C08D0 /* FirebaseFirestore in Frameworks */ = {isa = PBXBuildFile; productRef = 878FCEB328593E7A002C08D0 /* FirebaseFirestore */; };
		878FCEB828593E7A002C08D0 /* FirebaseStorage in Frameworks */ = {isa = PBXBuildFile; productRef = 878FCEB728593E7A002C08D0 /* FirebaseStorage */; };
		878FCEBD285A676A002C08D0 /* ModelCategory.swift in Sources */ = {isa = PBXBuildFile; fileRef = 878FCEBC285A676A002C08D0 /* ModelCategory.swift */; };
		878FCEC1285A6BDB002C08D0 /* FirebaseData.swift in Sources */ = {isa = PBXBuildFile; fileRef = 878FCEC0285A6BDB002C08D0 /* FirebaseData.swift */; };
		878FCEC3285BB306002C08D0 /* ModelTest.swift in Sources */ = {isa = PBXBuildFile; fileRef = 878FCEC2285BB305002C08D0 /* ModelTest.swift */; };
		878FCEC5285BC515002C08D0 /* ModelStacktest.swift in Sources */ = {isa = PBXBuildFile; fileRef = 878FCEC4285BC515002C08D0 /* ModelStacktest.swift */; };
		878FCEE62860FEF1002C08D0 /* DBViewModel.swift in Sources */ = {isa = PBXBuildFile; fileRef = 878FCEE52860FEEF002C08D0 /* DBViewModel.swift */; };
		878FCEE92860FF84002C08D0 /* CoreDataModel.swift in Sources */ = {isa = PBXBuildFile; fileRef = 878FCEE82860FF84002C08D0 /* CoreDataModel.swift */; };
		878FCEEC2860FFEB002C08D0 /* CoreDataBdPdd.xcdatamodeld in Sources */ = {isa = PBXBuildFile; fileRef = 878FCEEA2860FFEB002C08D0 /* CoreDataBdPdd.xcdatamodeld */; };
/* End PBXBuildFile section */

/* Begin PBXFileReference section */
		871B6327286CE1D100D4860B /* CatalogViewTicket.swift */ = {isa = PBXFileReference; lastKnownFileType = sourcecode.swift; path = CatalogViewTicket.swift; sourceTree = "<group>"; };
		871B6329286CEA6A00D4860B /* CatalogViewCards.swift */ = {isa = PBXFileReference; lastKnownFileType = sourcecode.swift; path = CatalogViewCards.swift; sourceTree = "<group>"; };
		871B632C286CEE9D00D4860B /* PopoverLocation.swift */ = {isa = PBXFileReference; lastKnownFileType = sourcecode.swift; path = PopoverLocation.swift; sourceTree = "<group>"; };
		871B632E286CEF9700D4860B /* LocationViewPopower.swift */ = {isa = PBXFileReference; lastKnownFileType = sourcecode.swift; path = LocationViewPopower.swift; sourceTree = "<group>"; };
		873F2B3128625EFA004B4A1A /* AuthResult.swift */ = {isa = PBXFileReference; lastKnownFileType = sourcecode.swift; path = AuthResult.swift; sourceTree = "<group>"; };
		873F2B342864FECA004B4A1A /* CatalogVievSigns.swift */ = {isa = PBXFileReference; lastKnownFileType = sourcecode.swift; path = CatalogVievSigns.swift; sourceTree = "<group>"; };
		8769E57128664F71003C7039 /* NavigationBarCostom.swift */ = {isa = PBXFileReference; lastKnownFileType = sourcecode.swift; path = NavigationBarCostom.swift; sourceTree = "<group>"; };
		8769E57328665075003C7039 /* CustomColor.swift */ = {isa = PBXFileReference; lastKnownFileType = sourcecode.swift; path = CustomColor.swift; sourceTree = "<group>"; };
		8769E576286654A0003C7039 /* CatalogCell.swift */ = {isa = PBXFileReference; lastKnownFileType = sourcecode.swift; path = CatalogCell.swift; sourceTree = "<group>"; };
		8769E57B28666601003C7039 /* StaticArray.swift */ = {isa = PBXFileReference; lastKnownFileType = sourcecode.swift; path = StaticArray.swift; sourceTree = "<group>"; };
		878FCE75285919DF002C08D0 /* Stacktest-ios.app */ = {isa = PBXFileReference; explicitFileType = wrapper.application; includeInIndex = 0; path = "Stacktest-ios.app"; sourceTree = BUILT_PRODUCTS_DIR; };
		878FCE78285919DF002C08D0 /* Stacktest_iosApp.swift */ = {isa = PBXFileReference; lastKnownFileType = sourcecode.swift; path = Stacktest_iosApp.swift; sourceTree = "<group>"; };
		878FCE7A285919DF002C08D0 /* ContentView.swift */ = {isa = PBXFileReference; lastKnownFileType = sourcecode.swift; path = ContentView.swift; sourceTree = "<group>"; };
		878FCE7C285919E5002C08D0 /* Assets.xcassets */ = {isa = PBXFileReference; lastKnownFileType = folder.assetcatalog; path = Assets.xcassets; sourceTree = "<group>"; };
		878FCE7F285919E5002C08D0 /* Preview Assets.xcassets */ = {isa = PBXFileReference; lastKnownFileType = folder.assetcatalog; path = "Preview Assets.xcassets"; sourceTree = "<group>"; };
		878FCE8628591B05002C08D0 /* StartView.swift */ = {isa = PBXFileReference; lastKnownFileType = sourcecode.swift; path = StartView.swift; sourceTree = "<group>"; };
		878FCE88285922B0002C08D0 /* TableView.swift */ = {isa = PBXFileReference; lastKnownFileType = sourcecode.swift; path = TableView.swift; sourceTree = "<group>"; };
		878FCE8A28592723002C08D0 /* GoogleService-Info.plist */ = {isa = PBXFileReference; fileEncoding = 4; lastKnownFileType = text.plist.xml; name = "GoogleService-Info.plist"; path = "../../../../../../Downloads/GoogleService-Info.plist"; sourceTree = "<group>"; };
		878FCEBC285A676A002C08D0 /* ModelCategory.swift */ = {isa = PBXFileReference; lastKnownFileType = sourcecode.swift; path = ModelCategory.swift; sourceTree = "<group>"; };
		878FCEC0285A6BDB002C08D0 /* FirebaseData.swift */ = {isa = PBXFileReference; lastKnownFileType = sourcecode.swift; path = FirebaseData.swift; sourceTree = "<group>"; };
		878FCEC2285BB305002C08D0 /* ModelTest.swift */ = {isa = PBXFileReference; lastKnownFileType = sourcecode.swift; path = ModelTest.swift; sourceTree = "<group>"; };
		878FCEC4285BC515002C08D0 /* ModelStacktest.swift */ = {isa = PBXFileReference; lastKnownFileType = sourcecode.swift; path = ModelStacktest.swift; sourceTree = "<group>"; };
		878FCEE52860FEEF002C08D0 /* DBViewModel.swift */ = {isa = PBXFileReference; lastKnownFileType = sourcecode.swift; path = DBViewModel.swift; sourceTree = "<group>"; };
		878FCEE82860FF84002C08D0 /* CoreDataModel.swift */ = {isa = PBXFileReference; lastKnownFileType = sourcecode.swift; path = CoreDataModel.swift; sourceTree = "<group>"; };
		878FCEEB2860FFEB002C08D0 /* CoreDataBdPdd.xcdatamodel */ = {isa = PBXFileReference; lastKnownFileType = wrapper.xcdatamodel; path = CoreDataBdPdd.xcdatamodel; sourceTree = "<group>"; };
/* End PBXFileReference section */

/* Begin PBXFrameworksBuildPhase section */
		878FCE72285919DF002C08D0 /* Frameworks */ = {
			isa = PBXFrameworksBuildPhase;
			buildActionMask = 2147483647;
			files = (
				8769E57A286655A7003C7039 /* SDWebImageSwiftUI in Frameworks */,
				878FCEB228593E7A002C08D0 /* FirebaseDatabase in Frameworks */,
				878FCEB028593E7A002C08D0 /* FirebaseAuth in Frameworks */,
				878FCEB828593E7A002C08D0 /* FirebaseStorage in Frameworks */,
				878FCEB428593E7A002C08D0 /* FirebaseFirestore in Frameworks */,
			);
			runOnlyForDeploymentPostprocessing = 0;
		};
/* End PBXFrameworksBuildPhase section */

/* Begin PBXGroup section */
		871B632B286CEE6800D4860B /* MenuBarNavigation */ = {
			isa = PBXGroup;
			children = (
				878FCE88285922B0002C08D0 /* TableView.swift */,
				871B632C286CEE9D00D4860B /* PopoverLocation.swift */,
				871B632E286CEF9700D4860B /* LocationViewPopower.swift */,
			);
			path = MenuBarNavigation;
			sourceTree = "<group>";
		};
		873F2B3028625ECE004B4A1A /* Helper */ = {
			isa = PBXGroup;
			children = (
				873F2B3128625EFA004B4A1A /* AuthResult.swift */,
				8769E57128664F71003C7039 /* NavigationBarCostom.swift */,
				8769E57328665075003C7039 /* CustomColor.swift */,
				8769E57B28666601003C7039 /* StaticArray.swift */,
			);
			path = Helper;
			sourceTree = "<group>";
		};
		873F2B332864F474004B4A1A /* GroupView */ = {
			isa = PBXGroup;
			children = (
				871B632B286CEE6800D4860B /* MenuBarNavigation */,
				8769E57528665475003C7039 /* Catalog */,
			);
			path = GroupView;
			sourceTree = "<group>";
		};
		8769E57528665475003C7039 /* Catalog */ = {
			isa = PBXGroup;
			children = (
				873F2B342864FECA004B4A1A /* CatalogVievSigns.swift */,
				8769E576286654A0003C7039 /* CatalogCell.swift */,
				871B6327286CE1D100D4860B /* CatalogViewTicket.swift */,
				871B6329286CEA6A00D4860B /* CatalogViewCards.swift */,
			);
			path = Catalog;
			sourceTree = "<group>";
		};
		878FCE6C285919DF002C08D0 = {
			isa = PBXGroup;
			children = (
				878FCE77285919DF002C08D0 /* Stacktest-ios */,
				878FCE76285919DF002C08D0 /* Products */,
				878FCE97285936C3002C08D0 /* Frameworks */,
			);
			sourceTree = "<group>";
		};
		878FCE76285919DF002C08D0 /* Products */ = {
			isa = PBXGroup;
			children = (
				878FCE75285919DF002C08D0 /* Stacktest-ios.app */,
			);
			name = Products;
			sourceTree = "<group>";
		};
		878FCE77285919DF002C08D0 /* Stacktest-ios */ = {
			isa = PBXGroup;
			children = (
				878FCE78285919DF002C08D0 /* Stacktest_iosApp.swift */,
				878FCE8628591B05002C08D0 /* StartView.swift */,
				878FCE7A285919DF002C08D0 /* ContentView.swift */,
				873F2B3028625ECE004B4A1A /* Helper */,
				878FCEE72860FF52002C08D0 /* CoreDataModel */,
				878FCEBF285A6BBF002C08D0 /* FirebaseData */,
				878FCEBB285A6753002C08D0 /* Model */,
				873F2B332864F474004B4A1A /* GroupView */,
				878FCE8A28592723002C08D0 /* GoogleService-Info.plist */,
				878FCE7C285919E5002C08D0 /* Assets.xcassets */,
				878FCEEA2860FFEB002C08D0 /* CoreDataBdPdd.xcdatamodeld */,
				878FCE7E285919E5002C08D0 /* Preview Content */,
			);
			path = "Stacktest-ios";
			sourceTree = "<group>";
		};
		878FCE7E285919E5002C08D0 /* Preview Content */ = {
			isa = PBXGroup;
			children = (
				878FCE7F285919E5002C08D0 /* Preview Assets.xcassets */,
			);
			path = "Preview Content";
			sourceTree = "<group>";
		};
		878FCE97285936C3002C08D0 /* Frameworks */ = {
			isa = PBXGroup;
			children = (
			);
			name = Frameworks;
			sourceTree = "<group>";
		};
		878FCEBB285A6753002C08D0 /* Model */ = {
			isa = PBXGroup;
			children = (
				878FCEBC285A676A002C08D0 /* ModelCategory.swift */,
				878FCEC2285BB305002C08D0 /* ModelTest.swift */,
				878FCEC4285BC515002C08D0 /* ModelStacktest.swift */,
			);
			path = Model;
			sourceTree = "<group>";
		};
		878FCEBF285A6BBF002C08D0 /* FirebaseData */ = {
			isa = PBXGroup;
			children = (
				878FCEC0285A6BDB002C08D0 /* FirebaseData.swift */,
			);
			path = FirebaseData;
			sourceTree = "<group>";
		};
		878FCEE72860FF52002C08D0 /* CoreDataModel */ = {
			isa = PBXGroup;
			children = (
				878FCEE52860FEEF002C08D0 /* DBViewModel.swift */,
				878FCEE82860FF84002C08D0 /* CoreDataModel.swift */,
			);
			path = CoreDataModel;
			sourceTree = "<group>";
		};
/* End PBXGroup section */

/* Begin PBXNativeTarget section */
		878FCE74285919DF002C08D0 /* Stacktest-ios */ = {
			isa = PBXNativeTarget;
			buildConfigurationList = 878FCE83285919E5002C08D0 /* Build configuration list for PBXNativeTarget "Stacktest-ios" */;
			buildPhases = (
				878FCE71285919DF002C08D0 /* Sources */,
				878FCE72285919DF002C08D0 /* Frameworks */,
				878FCE73285919DF002C08D0 /* Resources */,
			);
			buildRules = (
			);
			dependencies = (
			);
			name = "Stacktest-ios";
			packageProductDependencies = (
				878FCEAF28593E7A002C08D0 /* FirebaseAuth */,
				878FCEB128593E7A002C08D0 /* FirebaseDatabase */,
				878FCEB328593E7A002C08D0 /* FirebaseFirestore */,
				878FCEB728593E7A002C08D0 /* FirebaseStorage */,
				8769E579286655A7003C7039 /* SDWebImageSwiftUI */,
			);
			productName = "Stacktest-ios";
			productReference = 878FCE75285919DF002C08D0 /* Stacktest-ios.app */;
			productType = "com.apple.product-type.application";
		};
/* End PBXNativeTarget section */

/* Begin PBXProject section */
		878FCE6D285919DF002C08D0 /* Project object */ = {
			isa = PBXProject;
			attributes = {
				BuildIndependentTargetsInParallel = 1;
				LastSwiftUpdateCheck = 1340;
				LastUpgradeCheck = 1340;
				TargetAttributes = {
					878FCE74285919DF002C08D0 = {
						CreatedOnToolsVersion = 13.4.1;
					};
				};
			};
			buildConfigurationList = 878FCE70285919DF002C08D0 /* Build configuration list for PBXProject "Stacktest-ios" */;
			compatibilityVersion = "Xcode 13.0";
			developmentRegion = en;
			hasScannedForEncodings = 0;
			knownRegions = (
				en,
				Base,
			);
			mainGroup = 878FCE6C285919DF002C08D0;
			packageReferences = (
				878FCEAE28593E7A002C08D0 /* XCRemoteSwiftPackageReference "firebase-ios-sdk" */,
				8769E578286655A7003C7039 /* XCRemoteSwiftPackageReference "SDWebImageSwiftUI" */,
			);
			productRefGroup = 878FCE76285919DF002C08D0 /* Products */;
			projectDirPath = "";
			projectRoot = "";
			targets = (
				878FCE74285919DF002C08D0 /* Stacktest-ios */,
			);
		};
/* End PBXProject section */

/* Begin PBXResourcesBuildPhase section */
		878FCE73285919DF002C08D0 /* Resources */ = {
			isa = PBXResourcesBuildPhase;
			buildActionMask = 2147483647;
			files = (
				878FCE80285919E5002C08D0 /* Preview Assets.xcassets in Resources */,
				878FCE7D285919E5002C08D0 /* Assets.xcassets in Resources */,
				878FCE8B28592723002C08D0 /* GoogleService-Info.plist in Resources */,
			);
			runOnlyForDeploymentPostprocessing = 0;
		};
/* End PBXResourcesBuildPhase section */

/* Begin PBXSourcesBuildPhase section */
		878FCE71285919DF002C08D0 /* Sources */ = {
			isa = PBXSourcesBuildPhase;
			buildActionMask = 2147483647;
			files = (
				871B632A286CEA6A00D4860B /* CatalogViewCards.swift in Sources */,
				878FCEC1285A6BDB002C08D0 /* FirebaseData.swift in Sources */,
				871B632F286CEF9700D4860B /* LocationViewPopower.swift in Sources */,
				878FCE8728591B05002C08D0 /* StartView.swift in Sources */,
				873F2B352864FECA004B4A1A /* CatalogVievSigns.swift in Sources */,
				878FCE89285922B0002C08D0 /* TableView.swift in Sources */,
				8769E57228664F71003C7039 /* NavigationBarCostom.swift in Sources */,
				878FCE7B285919DF002C08D0 /* ContentView.swift in Sources */,
				878FCEEC2860FFEB002C08D0 /* CoreDataBdPdd.xcdatamodeld in Sources */,
				8769E577286654A0003C7039 /* CatalogCell.swift in Sources */,
				871B6328286CE1D100D4860B /* CatalogViewTicket.swift in Sources */,
				8769E57C28666602003C7039 /* StaticArray.swift in Sources */,
				878FCEC3285BB306002C08D0 /* ModelTest.swift in Sources */,
				871B632D286CEE9D00D4860B /* PopoverLocation.swift in Sources */,
				8769E57428665075003C7039 /* CustomColor.swift in Sources */,
				878FCEE62860FEF1002C08D0 /* DBViewModel.swift in Sources */,
				878FCE79285919DF002C08D0 /* Stacktest_iosApp.swift in Sources */,
				873F2B3228625EFA004B4A1A /* AuthResult.swift in Sources */,
				878FCEC5285BC515002C08D0 /* ModelStacktest.swift in Sources */,
				878FCEE92860FF84002C08D0 /* CoreDataModel.swift in Sources */,
				878FCEBD285A676A002C08D0 /* ModelCategory.swift in Sources */,
			);
			runOnlyForDeploymentPostprocessing = 0;
		};
/* End PBXSourcesBuildPhase section */

/* Begin XCBuildConfiguration section */
		878FCE81285919E5002C08D0 /* Debug */ = {
			isa = XCBuildConfiguration;
			buildSettings = {
				ALWAYS_SEARCH_USER_PATHS = NO;
				CLANG_ANALYZER_NONNULL = YES;
				CLANG_ANALYZER_NUMBER_OBJECT_CONVERSION = YES_AGGRESSIVE;
				CLANG_CXX_LANGUAGE_STANDARD = "gnu++17";
				CLANG_ENABLE_MODULES = YES;
				CLANG_ENABLE_OBJC_ARC = YES;
				CLANG_ENABLE_OBJC_WEAK = YES;
				CLANG_WARN_BLOCK_CAPTURE_AUTORELEASING = YES;
				CLANG_WARN_BOOL_CONVERSION = YES;
				CLANG_WARN_COMMA = YES;
				CLANG_WARN_CONSTANT_CONVERSION = YES;
				CLANG_WARN_DEPRECATED_OBJC_IMPLEMENTATIONS = YES;
				CLANG_WARN_DIRECT_OBJC_ISA_USAGE = YES_ERROR;
				CLANG_WARN_DOCUMENTATION_COMMENTS = YES;
				CLANG_WARN_EMPTY_BODY = YES;
				CLANG_WARN_ENUM_CONVERSION = YES;
				CLANG_WARN_INFINITE_RECURSION = YES;
				CLANG_WARN_INT_CONVERSION = YES;
				CLANG_WARN_NON_LITERAL_NULL_CONVERSION = YES;
				CLANG_WARN_OBJC_IMPLICIT_RETAIN_SELF = YES;
				CLANG_WARN_OBJC_LITERAL_CONVERSION = YES;
				CLANG_WARN_OBJC_ROOT_CLASS = YES_ERROR;
				CLANG_WARN_QUOTED_INCLUDE_IN_FRAMEWORK_HEADER = YES;
				CLANG_WARN_RANGE_LOOP_ANALYSIS = YES;
				CLANG_WARN_STRICT_PROTOTYPES = YES;
				CLANG_WARN_SUSPICIOUS_MOVE = YES;
				CLANG_WARN_UNGUARDED_AVAILABILITY = YES_AGGRESSIVE;
				CLANG_WARN_UNREACHABLE_CODE = YES;
				CLANG_WARN__DUPLICATE_METHOD_MATCH = YES;
				COPY_PHASE_STRIP = NO;
				DEBUG_INFORMATION_FORMAT = dwarf;
				ENABLE_STRICT_OBJC_MSGSEND = YES;
				ENABLE_TESTABILITY = YES;
				GCC_C_LANGUAGE_STANDARD = gnu11;
				GCC_DYNAMIC_NO_PIC = NO;
				GCC_NO_COMMON_BLOCKS = YES;
				GCC_OPTIMIZATION_LEVEL = 0;
				GCC_PREPROCESSOR_DEFINITIONS = (
					"PB_NO_PACKED_STRUCTS=1",
					"DEBUG=1",
				);
				GCC_WARN_64_TO_32_BIT_CONVERSION = YES;
				GCC_WARN_ABOUT_RETURN_TYPE = YES_ERROR;
				GCC_WARN_UNDECLARED_SELECTOR = YES;
				GCC_WARN_UNINITIALIZED_AUTOS = YES_AGGRESSIVE;
				GCC_WARN_UNUSED_FUNCTION = YES;
				GCC_WARN_UNUSED_VARIABLE = YES;
				IPHONEOS_DEPLOYMENT_TARGET = 15.5;
				MTL_ENABLE_DEBUG_INFO = INCLUDE_SOURCE;
				MTL_FAST_MATH = YES;
				ONLY_ACTIVE_ARCH = YES;
				SDKROOT = iphoneos;
				SWIFT_ACTIVE_COMPILATION_CONDITIONS = DEBUG;
				SWIFT_OPTIMIZATION_LEVEL = "-Onone";
			};
			name = Debug;
		};
		878FCE82285919E5002C08D0 /* Release */ = {
			isa = XCBuildConfiguration;
			buildSettings = {
				ALWAYS_SEARCH_USER_PATHS = NO;
				CLANG_ANALYZER_NONNULL = YES;
				CLANG_ANALYZER_NUMBER_OBJECT_CONVERSION = YES_AGGRESSIVE;
				CLANG_CXX_LANGUAGE_STANDARD = "gnu++17";
				CLANG_ENABLE_MODULES = YES;
				CLANG_ENABLE_OBJC_ARC = YES;
				CLANG_ENABLE_OBJC_WEAK = YES;
				CLANG_WARN_BLOCK_CAPTURE_AUTORELEASING = YES;
				CLANG_WARN_BOOL_CONVERSION = YES;
				CLANG_WARN_COMMA = YES;
				CLANG_WARN_CONSTANT_CONVERSION = YES;
				CLANG_WARN_DEPRECATED_OBJC_IMPLEMENTATIONS = YES;
				CLANG_WARN_DIRECT_OBJC_ISA_USAGE = YES_ERROR;
				CLANG_WARN_DOCUMENTATION_COMMENTS = YES;
				CLANG_WARN_EMPTY_BODY = YES;
				CLANG_WARN_ENUM_CONVERSION = YES;
				CLANG_WARN_INFINITE_RECURSION = YES;
				CLANG_WARN_INT_CONVERSION = YES;
				CLANG_WARN_NON_LITERAL_NULL_CONVERSION = YES;
				CLANG_WARN_OBJC_IMPLICIT_RETAIN_SELF = YES;
				CLANG_WARN_OBJC_LITERAL_CONVERSION = YES;
				CLANG_WARN_OBJC_ROOT_CLASS = YES_ERROR;
				CLANG_WARN_QUOTED_INCLUDE_IN_FRAMEWORK_HEADER = YES;
				CLANG_WARN_RANGE_LOOP_ANALYSIS = YES;
				CLANG_WARN_STRICT_PROTOTYPES = YES;
				CLANG_WARN_SUSPICIOUS_MOVE = YES;
				CLANG_WARN_UNGUARDED_AVAILABILITY = YES_AGGRESSIVE;
				CLANG_WARN_UNREACHABLE_CODE = YES;
				CLANG_WARN__DUPLICATE_METHOD_MATCH = YES;
				COPY_PHASE_STRIP = NO;
				DEBUG_INFORMATION_FORMAT = "dwarf-with-dsym";
				ENABLE_NS_ASSERTIONS = NO;
				ENABLE_STRICT_OBJC_MSGSEND = YES;
				GCC_C_LANGUAGE_STANDARD = gnu11;
				GCC_NO_COMMON_BLOCKS = YES;
				GCC_PREPROCESSOR_DEFINITIONS = "";
				GCC_WARN_64_TO_32_BIT_CONVERSION = YES;
				GCC_WARN_ABOUT_RETURN_TYPE = YES_ERROR;
				GCC_WARN_UNDECLARED_SELECTOR = YES;
				GCC_WARN_UNINITIALIZED_AUTOS = YES_AGGRESSIVE;
				GCC_WARN_UNUSED_FUNCTION = YES;
				GCC_WARN_UNUSED_VARIABLE = YES;
				IPHONEOS_DEPLOYMENT_TARGET = 15.5;
				MTL_ENABLE_DEBUG_INFO = NO;
				MTL_FAST_MATH = YES;
				SDKROOT = iphoneos;
				SWIFT_COMPILATION_MODE = wholemodule;
				SWIFT_OPTIMIZATION_LEVEL = "-O";
				VALIDATE_PRODUCT = YES;
			};
			name = Release;
		};
		878FCE84285919E5002C08D0 /* Debug */ = {
			isa = XCBuildConfiguration;
			buildSettings = {
				ASSETCATALOG_COMPILER_APPICON_NAME = AppIcon;
				ASSETCATALOG_COMPILER_GLOBAL_ACCENT_COLOR_NAME = AccentColor;
				CLANG_WARN_BLOCK_CAPTURE_AUTORELEASING = YES;
				CODE_SIGN_STYLE = Automatic;
				CURRENT_PROJECT_VERSION = 1;
				DEVELOPMENT_ASSET_PATHS = "\"Stacktest-ios/Preview Content\"";
				DEVELOPMENT_TEAM = XYRYJ88DZU;
				ENABLE_PREVIEWS = YES;
				GCC_PREPROCESSOR_DEFINITIONS = RETURN_IF_ERROR;
				GCC_WARN_CHECK_SWITCH_STATEMENTS = YES;
				GCC_WARN_INHIBIT_ALL_WARNINGS = NO;
				GENERATE_INFOPLIST_FILE = YES;
				INFOPLIST_KEY_UIApplicationSceneManifest_Generation = YES;
				INFOPLIST_KEY_UIApplicationSupportsIndirectInputEvents = YES;
				INFOPLIST_KEY_UILaunchScreen_Generation = YES;
				INFOPLIST_KEY_UISupportedInterfaceOrientations_iPad = "UIInterfaceOrientationPortrait UIInterfaceOrientationPortraitUpsideDown UIInterfaceOrientationLandscapeLeft UIInterfaceOrientationLandscapeRight";
				INFOPLIST_KEY_UISupportedInterfaceOrientations_iPhone = "UIInterfaceOrientationPortrait UIInterfaceOrientationLandscapeLeft UIInterfaceOrientationLandscapeRight";
				LD_RUNPATH_SEARCH_PATHS = (
					"$(inherited)",
					"@executable_path/Frameworks",
				);
				MARKETING_VERSION = 1.0;
				PRODUCT_BUNDLE_IDENTIFIER = "ru.Stacktest-ios";
				PRODUCT_NAME = "$(TARGET_NAME)";
				SWIFT_EMIT_LOC_STRINGS = YES;
				SWIFT_VERSION = 5.0;
				TARGETED_DEVICE_FAMILY = "1,2";
			};
			name = Debug;
		};
		878FCE85285919E5002C08D0 /* Release */ = {
			isa = XCBuildConfiguration;
			buildSettings = {
				ASSETCATALOG_COMPILER_APPICON_NAME = AppIcon;
				ASSETCATALOG_COMPILER_GLOBAL_ACCENT_COLOR_NAME = AccentColor;
				CLANG_WARN_BLOCK_CAPTURE_AUTORELEASING = YES;
				CODE_SIGN_STYLE = Automatic;
				CURRENT_PROJECT_VERSION = 1;
				DEVELOPMENT_ASSET_PATHS = "\"Stacktest-ios/Preview Content\"";
				DEVELOPMENT_TEAM = XYRYJ88DZU;
				ENABLE_PREVIEWS = YES;
				GCC_PREPROCESSOR_DEFINITIONS = "";
				GCC_WARN_CHECK_SWITCH_STATEMENTS = YES;
				GCC_WARN_INHIBIT_ALL_WARNINGS = NO;
				GENERATE_INFOPLIST_FILE = YES;
				INFOPLIST_KEY_UIApplicationSceneManifest_Generation = YES;
				INFOPLIST_KEY_UIApplicationSupportsIndirectInputEvents = YES;
				INFOPLIST_KEY_UILaunchScreen_Generation = YES;
				INFOPLIST_KEY_UISupportedInterfaceOrientations_iPad = "UIInterfaceOrientationPortrait UIInterfaceOrientationPortraitUpsideDown UIInterfaceOrientationLandscapeLeft UIInterfaceOrientationLandscapeRight";
				INFOPLIST_KEY_UISupportedInterfaceOrientations_iPhone = "UIInterfaceOrientationPortrait UIInterfaceOrientationLandscapeLeft UIInterfaceOrientationLandscapeRight";
				LD_RUNPATH_SEARCH_PATHS = (
					"$(inherited)",
					"@executable_path/Frameworks",
				);
				MARKETING_VERSION = 1.0;
				PRODUCT_BUNDLE_IDENTIFIER = "ru.Stacktest-ios";
				PRODUCT_NAME = "$(TARGET_NAME)";
				SWIFT_EMIT_LOC_STRINGS = YES;
				SWIFT_VERSION = 5.0;
				TARGETED_DEVICE_FAMILY = "1,2";
			};
			name = Release;
		};
/* End XCBuildConfiguration section */

/* Begin XCConfigurationList section */
		878FCE70285919DF002C08D0 /* Build configuration list for PBXProject "Stacktest-ios" */ = {
			isa = XCConfigurationList;
			buildConfigurations = (
				878FCE81285919E5002C08D0 /* Debug */,
				878FCE82285919E5002C08D0 /* Release */,
			);
			defaultConfigurationIsVisible = 0;
			defaultConfigurationName = Release;
		};
		878FCE83285919E5002C08D0 /* Build configuration list for PBXNativeTarget "Stacktest-ios" */ = {
			isa = XCConfigurationList;
			buildConfigurations = (
				878FCE84285919E5002C08D0 /* Debug */,
				878FCE85285919E5002C08D0 /* Release */,
			);
			defaultConfigurationIsVisible = 0;
			defaultConfigurationName = Release;
		};
/* End XCConfigurationList section */

/* Begin XCRemoteSwiftPackageReference section */
		8769E578286655A7003C7039 /* XCRemoteSwiftPackageReference "SDWebImageSwiftUI" */ = {
			isa = XCRemoteSwiftPackageReference;
			repositoryURL = "https://github.com/SDWebImage/SDWebImageSwiftUI.git";
			requirement = {
				branch = master;
				kind = branch;
			};
		};
		878FCEAE28593E7A002C08D0 /* XCRemoteSwiftPackageReference "firebase-ios-sdk" */ = {
			isa = XCRemoteSwiftPackageReference;
			repositoryURL = "https://github.com/firebase/firebase-ios-sdk.git";
			requirement = {
				branch = master;
				kind = branch;
			};
		};
/* End XCRemoteSwiftPackageReference section */

/* Begin XCSwiftPackageProductDependency section */
		8769E579286655A7003C7039 /* SDWebImageSwiftUI */ = {
			isa = XCSwiftPackageProductDependency;
			package = 8769E578286655A7003C7039 /* XCRemoteSwiftPackageReference "SDWebImageSwiftUI" */;
			productName = SDWebImageSwiftUI;
		};
		878FCEAF28593E7A002C08D0 /* FirebaseAuth */ = {
			isa = XCSwiftPackageProductDependency;
			package = 878FCEAE28593E7A002C08D0 /* XCRemoteSwiftPackageReference "firebase-ios-sdk" */;
			productName = FirebaseAuth;
		};
		878FCEB128593E7A002C08D0 /* FirebaseDatabase */ = {
			isa = XCSwiftPackageProductDependency;
			package = 878FCEAE28593E7A002C08D0 /* XCRemoteSwiftPackageReference "firebase-ios-sdk" */;
			productName = FirebaseDatabase;
		};
		878FCEB328593E7A002C08D0 /* FirebaseFirestore */ = {
			isa = XCSwiftPackageProductDependency;
			package = 878FCEAE28593E7A002C08D0 /* XCRemoteSwiftPackageReference "firebase-ios-sdk" */;
			productName = FirebaseFirestore;
		};
		878FCEB728593E7A002C08D0 /* FirebaseStorage */ = {
			isa = XCSwiftPackageProductDependency;
			package = 878FCEAE28593E7A002C08D0 /* XCRemoteSwiftPackageReference "firebase-ios-sdk" */;
			productName = FirebaseStorage;
		};
/* End XCSwiftPackageProductDependency section */

/* Begin XCVersionGroup section */
		878FCEEA2860FFEB002C08D0 /* CoreDataBdPdd.xcdatamodeld */ = {
			isa = XCVersionGroup;
			children = (
				878FCEEB2860FFEB002C08D0 /* CoreDataBdPdd.xcdatamodel */,
			);
			currentVersion = 878FCEEB2860FFEB002C08D0 /* CoreDataBdPdd.xcdatamodel */;
			path = CoreDataBdPdd.xcdatamodeld;
			sourceTree = "<group>";
			versionGroupType = wrapper.xcdatamodel;
		};
/* End XCVersionGroup section */
	};
	rootObject = 878FCE6D285919DF002C08D0 /* Project object */;
}
